
Microsoft Visual Studio Solution File, Format Version 12.00
# Visual Studio Version 17
VisualStudioVersion = 17.14.36121.58 d17.14
MinimumVisualStudioVersion = 10.0.40219.1
Project("{FAE04EC0-301F-11D3-BF4B-00C04F79EFBC}") = "BlazorEcommerce", "BlazorEcommerce\BlazorEcommerce.csproj", "{FDE71EF7-42EB-4AFB-B4ED-D84D9F535304}"
EndProject
Global
	GlobalSection(SolutionConfigurationPlatforms) = preSolution
		Debug|Any CPU = Debug|Any CPU
		Release|Any CPU = Release|Any CPU
	EndGlobalSection
	GlobalSection(ProjectConfigurationPlatforms) = postSolution
		{FDE71EF7-42EB-4AFB-B4ED-D84D9F535304}.Debug|Any CPU.ActiveCfg = Debug|Any CPU
		{FDE71EF7-42EB-4AFB-B4ED-D84D9F535304}.Debug|Any CPU.Build.0 = Debug|Any CPU
		{FDE71EF7-42EB-4AFB-B4ED-D84D9F535304}.Release|Any CPU.ActiveCfg = Release|Any CPU
		{FDE71EF7-42EB-4AFB-B4ED-D84D9F535304}.Release|Any CPU.Build.0 = Release|Any CPU
	EndGlobalSection
	GlobalSection(SolutionProperties) = preSolution
		HideSolutionNode = FALSE
	EndGlobalSection
	GlobalSection(ExtensibilityGlobals) = postSolution
		SolutionGuid = {FD788C59-A2DD-4B62-BDAF-A9258BB42620}
	EndGlobalSection
EndGlobal
